{
  "version": 4,
  "terraform_version": "1.13.3",
  "serial": 39,
  "lineage": "54c92a34-7b40-e934-5948-6eb767fa6375",
  "outputs": {},
  "resources": [
    {
      "mode": "managed",
      "type": "aws_eks_cluster",
      "name": "eks_cluster",
      "provider": "provider[\"registry.terraform.io/hashicorp/aws\"]",
      "instances": [
        {
          "schema_version": 1,
          "attributes": {
            "access_config": [
              {
                "authentication_mode": "CONFIG_MAP",
                "bootstrap_cluster_creator_admin_permissions": true
              }
            ],
            "arn": "arn:aws:eks:us-east-2:430500291162:cluster/ecommerce-eks-prod",
            "bootstrap_self_managed_addons": true,
            "certificate_authority": [
              {
                "data": "LS0tLS1CRUdJTiBDRVJUSUZJQ0FURS0tLS0tCk1JSURCVENDQWUyZ0F3SUJBZ0lJZTNvVEV1WDlrV0F3RFFZSktvWklodmNOQVFFTEJRQXdGVEVUTUJFR0ExVUUKQXhNS2EzVmlaWEp1WlhSbGN6QWVGdzB5TlRBNU1qZ3dOekk0TXpsYUZ3MHpOVEE1TWpZd056TXpNemxhTUJVeApFekFSQmdOVkJBTVRDbXQxWW1WeWJtVjBaWE13Z2dFaU1BMEdDU3FHU0liM0RRRUJBUVVBQTRJQkR3QXdnZ0VLCkFvSUJBUUNsaFRoTFFzWmVQSVRjenE1UTVWTlgzakNiSElJV1BicEhnK3QrREdRWU5uOEdOQjVjeWpiMzRmdEQKV1haL3dwREJzeDB2a0oxSk5oUEFEZTQyNG44RitOdHJJUk1hZDF6MDZiRUFKL1Q4NVkwdVl2UGp4eWh2bi9LRApPa00rREI4MExCWUdvQU1DMWpNdlZtcm1zbjhHaVJrcnVaNHovQ3BFRXZuZVlmWlB4bWVEaFYyS053cFhGYnlmCnFUMklJaDJlamdxL0gzZXFrenJ4OGhPa1AxQnB5WTB4MzNFR3lxcW1sY3RreWhaT3E2QWo5YTZ0RytNa0hRcy8KVGtiazFvZlprUHI5Z3g5Z01MZmpDVHh3amZYVldLNkRVbkYrZ0pBTEZtZDEvcEtLZVU0VzZRU3dpMm4rb3RDNQprTk5vUEhpb0JyTXFkQUNVajU0c3FxeVJFUUVmQWdNQkFBR2pXVEJYTUE0R0ExVWREd0VCL3dRRUF3SUNwREFQCkJnTlZIUk1CQWY4RUJUQURBUUgvTUIwR0ExVWREZ1FXQkJUcVhkRVNubnBpR0ZEMnNHUG9hZTFYVTNFWDdqQVYKQmdOVkhSRUVEakFNZ2dwcmRXSmxjbTVsZEdWek1BMEdDU3FHU0liM0RRRUJDd1VBQTRJQkFRQkNUd1lDcklqeQpYZnFvakpHNVBtVTNVdU5LQ2txeGd6L1ZpcmpHaUpPdTZWampLWVM3ZmR0OHlyMTBxN0xxMFR5UTE4RHRlNGNMCndBVGRxVytaWEErNmF5Yi9hZjc3M25iQVBabEc1NHMwcWIwcUxyb1R5S2JZdEQ2UEZ6bHcxWFJJOU5KY1JSbHIKd2xvdzJCbnJ2VXh4S0xmVGkvZDRkWnVEdzJRS1ZZSGVDTlN3ZGErUTNhZGpKblZXekNjN09uV1IwZmp5MTZGcgoyN1pjcmxENEJORE5MNmQxQ0JocXZYN1V4dDlSdkNrb1ZKR0lDZEt1TWh5UHdlSXFzdHdTR2VvT0JjWWhCWkt5Cmx4RDJZaTFNRFFUNmhibmpWUmhUalJwL25Fdkpid2xoRWN0dGFwdmNNcWZrdkkvSU1RQUl2UHhkSU1UZUNFREUKemVuWVl5TnI0aTNzCi0tLS0tRU5EIENFUlRJRklDQVRFLS0tLS0K"
              }
            ],
            "cluster_id": null,
            "compute_config": [],
            "created_at": "2025-09-28T07:28:13Z",
            "deletion_protection": false,
            "enabled_cluster_log_types": [],
            "encryption_config": [],
            "endpoint": "https://CC856EB1C29E9A14B40C70057B5EE500.gr7.us-east-2.eks.amazonaws.com",
            "force_update_version": null,
            "id": "ecommerce-eks-prod",
            "identity": [
              {
                "oidc": [
                  {
                    "issuer": "https://oidc.eks.us-east-2.amazonaws.com/id/CC856EB1C29E9A14B40C70057B5EE500"
                  }
                ]
              }
            ],
            "kubernetes_network_config": [
              {
                "elastic_load_balancing": [
                  {
                    "enabled": false
                  }
                ],
                "ip_family": "ipv4",
                "service_ipv4_cidr": "172.20.0.0/16",
                "service_ipv6_cidr": ""
              }
            ],
            "name": "ecommerce-eks-prod",
            "outpost_config": [],
            "platform_version": "eks.15",
            "region": "us-east-2",
            "remote_network_config": [],
            "role_arn": "arn:aws:iam::430500291162:role/eks_node_role",
            "status": "ACTIVE",
            "storage_config": [],
            "tags": {},
            "tags_all": {},
            "timeouts": null,
            "upgrade_policy": [
              {
                "support_type": "EXTENDED"
              }
            ],
            "version": "1.33",
            "vpc_config": [
              {
                "cluster_security_group_id": "sg-02a1a82d071728be6",
                "endpoint_private_access": false,
                "endpoint_public_access": true,
                "public_access_cidrs": [
                  "0.0.0.0/0"
                ],
                "security_group_ids": [
                  "sg-01133305105536d46"
                ],
                "subnet_ids": [
                  "subnet-0209e212634ca0933",
                  "subnet-0f03c3023eed98d3d"
                ],
                "vpc_id": "vpc-005612f19c1f6ca55"
              }
            ],
            "zonal_shift_config": []
          },
          "sensitive_attributes": [],
          "identity_schema_version": 0,
          "private": "eyJlMmJmYjczMC1lY2FhLTExZTYtOGY4OC0zNDM2M2JjN2M0YzAiOnsiY3JlYXRlIjoxODAwMDAwMDAwMDAwLCJkZWxldGUiOjkwMDAwMDAwMDAwMCwidXBkYXRlIjozNjAwMDAwMDAwMDAwfSwic2NoZW1hX3ZlcnNpb24iOiIxIn0=",
          "dependencies": [
            "aws_iam_role.eks_node_role",
            "aws_security_group.ecommerce_sg",
            "aws_subnet.ecommerce_subnet1",
            "aws_subnet.ecommerce_subnet2",
            "aws_vpc.ecommerce_vpc"
          ]
        }
      ]
    },
    {
      "mode": "managed",
      "type": "aws_iam_role",
      "name": "eks_node_role",
      "provider": "provider[\"registry.terraform.io/hashicorp/aws\"]",
      "instances": [
        {
          "schema_version": 0,
          "attributes": {
            "arn": "arn:aws:iam::430500291162:role/eks_node_role",
            "assume_role_policy": "{\"Statement\":[{\"Action\":\"sts:AssumeRole\",\"Effect\":\"Allow\",\"Principal\":{\"Service\":\"ec2.amazonaws.com\"},\"Sid\":\"\"},{\"Action\":\"sts:AssumeRole\",\"Effect\":\"Allow\",\"Principal\":{\"Service\":\"eks.amazonaws.com\"}}],\"Version\":\"2012-10-17\"}",
            "create_date": "2025-09-28T07:28:09Z",
            "description": "",
            "force_detach_policies": false,
            "id": "eks_node_role",
            "inline_policy": [],
            "managed_policy_arns": [],
            "max_session_duration": 3600,
            "name": "eks_node_role",
            "name_prefix": "",
            "path": "/",
            "permissions_boundary": "",
            "tags": {},
            "tags_all": {},
            "unique_id": "AROAWIO6REJNPEUUFOT3I"
          },
          "sensitive_attributes": [],
          "identity_schema_version": 0,
          "identity": {
            "account_id": "430500291162",
            "name": "eks_node_role"
          },
          "private": "bnVsbA=="
        }
      ]
    },
    {
      "mode": "managed",
      "type": "aws_security_group",
      "name": "ecommerce_sg",
      "provider": "provider[\"registry.terraform.io/hashicorp/aws\"]",
      "instances": [
        {
          "schema_version": 1,
          "attributes": {
            "arn": "arn:aws:ec2:us-east-2:430500291162:security-group/sg-01133305105536d46",
            "description": "Allow EKS Cluster communication",
            "egress": [],
            "id": "sg-01133305105536d46",
            "ingress": [],
            "name": "ecommerce_sg",
            "name_prefix": "",
            "owner_id": "430500291162",
            "region": "us-east-2",
            "revoke_rules_on_delete": false,
            "tags": {
              "Name": "ecommerce_sg"
            },
            "tags_all": {
              "Name": "ecommerce_sg"
            },
            "timeouts": null,
            "vpc_id": "vpc-005612f19c1f6ca55"
          },
          "sensitive_attributes": [],
          "identity_schema_version": 0,
          "identity": {
            "account_id": "430500291162",
            "id": "sg-01133305105536d46",
            "region": "us-east-2"
          },
          "private": "eyJlMmJmYjczMC1lY2FhLTExZTYtOGY4OC0zNDM2M2JjN2M0YzAiOnsiY3JlYXRlIjo2MDAwMDAwMDAwMDAsImRlbGV0ZSI6OTAwMDAwMDAwMDAwfSwic2NoZW1hX3ZlcnNpb24iOiIxIn0=",
          "dependencies": [
            "aws_vpc.ecommerce_vpc"
          ]
        }
      ]
    },
    {
      "mode": "managed",
      "type": "aws_subnet",
      "name": "ecommerce_subnet1",
      "provider": "provider[\"registry.terraform.io/hashicorp/aws\"]",
      "instances": [
        {
          "schema_version": 1,
          "attributes": {
            "arn": "arn:aws:ec2:us-east-2:430500291162:subnet/subnet-0f03c3023eed98d3d",
            "assign_ipv6_address_on_creation": false,
            "availability_zone": "us-east-2a",
            "availability_zone_id": "use2-az1",
            "cidr_block": "10.0.1.0/24",
            "customer_owned_ipv4_pool": "",
            "enable_dns64": false,
            "enable_lni_at_device_index": 0,
            "enable_resource_name_dns_a_record_on_launch": false,
            "enable_resource_name_dns_aaaa_record_on_launch": false,
            "id": "subnet-0f03c3023eed98d3d",
            "ipv6_cidr_block": "",
            "ipv6_cidr_block_association_id": "",
            "ipv6_native": false,
            "map_customer_owned_ip_on_launch": false,
            "map_public_ip_on_launch": false,
            "outpost_arn": "",
            "owner_id": "430500291162",
            "private_dns_hostname_type_on_launch": "ip-name",
            "region": "us-east-2",
            "tags": {
              "Name": "ecommerce-subnet1"
            },
            "tags_all": {
              "Name": "ecommerce-subnet1"
            },
            "timeouts": null,
            "vpc_id": "vpc-005612f19c1f6ca55"
          },
          "sensitive_attributes": [],
          "identity_schema_version": 0,
          "identity": {
            "account_id": "430500291162",
            "id": "subnet-0f03c3023eed98d3d",
            "region": "us-east-2"
          },
          "private": "eyJlMmJmYjczMC1lY2FhLTExZTYtOGY4OC0zNDM2M2JjN2M0YzAiOnsiY3JlYXRlIjo2MDAwMDAwMDAwMDAsImRlbGV0ZSI6MTIwMDAwMDAwMDAwMH0sInNjaGVtYV92ZXJzaW9uIjoiMSJ9",
          "dependencies": [
            "aws_vpc.ecommerce_vpc"
          ]
        }
      ]
    },
    {
      "mode": "managed",
      "type": "aws_subnet",
      "name": "ecommerce_subnet2",
      "provider": "provider[\"registry.terraform.io/hashicorp/aws\"]",
      "instances": [
        {
          "schema_version": 1,
          "attributes": {
            "arn": "arn:aws:ec2:us-east-2:430500291162:subnet/subnet-0209e212634ca0933",
            "assign_ipv6_address_on_creation": false,
            "availability_zone": "us-east-2b",
            "availability_zone_id": "use2-az2",
            "cidr_block": "10.0.2.0/24",
            "customer_owned_ipv4_pool": "",
            "enable_dns64": false,
            "enable_lni_at_device_index": 0,
            "enable_resource_name_dns_a_record_on_launch": false,
            "enable_resource_name_dns_aaaa_record_on_launch": false,
            "id": "subnet-0209e212634ca0933",
            "ipv6_cidr_block": "",
            "ipv6_cidr_block_association_id": "",
            "ipv6_native": false,
            "map_customer_owned_ip_on_launch": false,
            "map_public_ip_on_launch": false,
            "outpost_arn": "",
            "owner_id": "430500291162",
            "private_dns_hostname_type_on_launch": "ip-name",
            "region": "us-east-2",
            "tags": {
              "Name": "ecommerce-subnet2"
            },
            "tags_all": {
              "Name": "ecommerce-subnet2"
            },
            "timeouts": null,
            "vpc_id": "vpc-005612f19c1f6ca55"
          },
          "sensitive_attributes": [],
          "identity_schema_version": 0,
          "identity": {
            "account_id": "430500291162",
            "id": "subnet-0209e212634ca0933",
            "region": "us-east-2"
          },
          "private": "eyJlMmJmYjczMC1lY2FhLTExZTYtOGY4OC0zNDM2M2JjN2M0YzAiOnsiY3JlYXRlIjo2MDAwMDAwMDAwMDAsImRlbGV0ZSI6MTIwMDAwMDAwMDAwMH0sInNjaGVtYV92ZXJzaW9uIjoiMSJ9",
          "dependencies": [
            "aws_vpc.ecommerce_vpc"
          ]
        }
      ]
    },
    {
      "mode": "managed",
      "type": "aws_vpc",
      "name": "ecommerce_vpc",
      "provider": "provider[\"registry.terraform.io/hashicorp/aws\"]",
      "instances": [
        {
          "schema_version": 1,
          "attributes": {
            "arn": "arn:aws:ec2:us-east-2:430500291162:vpc/vpc-005612f19c1f6ca55",
            "assign_generated_ipv6_cidr_block": false,
            "cidr_block": "10.0.0.0/16",
            "default_network_acl_id": "acl-0978fd17d50500ea6",
            "default_route_table_id": "rtb-0d948a08da8280b00",
            "default_security_group_id": "sg-0be5500abedbdfae6",
            "dhcp_options_id": "dopt-0434ef92c02efc888",
            "enable_dns_hostnames": false,
            "enable_dns_support": true,
            "enable_network_address_usage_metrics": false,
            "id": "vpc-005612f19c1f6ca55",
            "instance_tenancy": "default",
            "ipv4_ipam_pool_id": null,
            "ipv4_netmask_length": null,
            "ipv6_association_id": "",
            "ipv6_cidr_block": "",
            "ipv6_cidr_block_network_border_group": "",
            "ipv6_ipam_pool_id": "",
            "ipv6_netmask_length": 0,
            "main_route_table_id": "rtb-0d948a08da8280b00",
            "owner_id": "430500291162",
            "region": "us-east-2",
            "tags": {
              "Name": "ecommerce-vpc"
            },
            "tags_all": {
              "Name": "ecommerce-vpc"
            }
          },
          "sensitive_attributes": [],
          "identity_schema_version": 0,
          "private": "eyJzY2hlbWFfdmVyc2lvbiI6IjEifQ=="
        }
      ]
    }
  ],
  "check_results": null
}
